{
  "name": "acb056ca5e5f9770",
  "lockfileVersion": 3,
  "requires": true,
  "packages": {
    "": {
      "dependencies": {
        "@uipath/cli": "^1.196.0"
      }
    },
    "node_modules/@uipath/cli": {
      "version": "1.196.0",
      "resolved": "https://registry.npmjs.org/@uipath/cli/-/cli-1.196.0.tgz",
      "integrity": "sha512-D6onq95xznPAvaUN2ANayXyyYKXb10TMPuYnw92BYo+3hZ8FdIdPEat0xQL4eWMpib/jbx6Oy+7LZptP2zw3PA==",
      "license": "MIT",
      "bin": {
        "uip": "dist/index.js"
      }
    }
  }
}
